
Microsoft Visual Studio Solution File, Format Version 12.00
# Visual Studio 15
VisualStudioVersion = 15.0.28307.102
MinimumVisualStudioVersion = 10.0.40219.1
Project("{FAE04EC0-301F-11D3-BF4B-00C04F79EFBC}") = "PegBoard Checkout System", "PegBoard Checkout System\PegBoard Checkout System.csproj", "{BC12CD65-DE1D-4F2A-91E6-6694943137A0}"
EndProject
Global
	GlobalSection(SolutionConfigurationPlatforms) = preSolution
		Debug|Any CPU = Debug|Any CPU
		Release|Any CPU = Release|Any CPU
	EndGlobalSection
	GlobalSection(ProjectConfigurationPlatforms) = postSolution
		{BC12CD65-DE1D-4F2A-91E6-6694943137A0}.Debug|Any CPU.ActiveCfg = Debug|Any CPU
		{BC12CD65-DE1D-4F2A-91E6-6694943137A0}.Debug|Any CPU.Build.0 = Debug|Any CPU
		{BC12CD65-DE1D-4F2A-91E6-6694943137A0}.Release|Any CPU.ActiveCfg = Release|Any CPU
		{BC12CD65-DE1D-4F2A-91E6-6694943137A0}.Release|Any CPU.Build.0 = Release|Any CPU
	EndGlobalSection
	GlobalSection(SolutionProperties) = preSolution
		HideSolutionNode = FALSE
	EndGlobalSection
	GlobalSection(ExtensibilityGlobals) = postSolution
		SolutionGuid = {4D3E5436-8524-49F4-B485-6E1A71C8EF9F}
	EndGlobalSection
EndGlobal
